PODS:
  - Bolts (1.1.4)
  - CJPAdController (1.7):
    - Google-Mobile-Ads-SDK (~> 7.0)
  - Fabric (1.2):
    - Fabric/Core (= 1.2)
  - Fabric/Core (1.2)
  - Fabric/Crashlytics (1.2)
  - Facebook-iOS-SDK (3.23.1):
    - Bolts (~> 1.0)
  - Google-Maps-iOS-SDK (1.9.2)
  - Google-Mobile-Ads-SDK (7.0.0)
  - GoogleAnalytics-iOS-SDK (3.10):
    - GoogleAnalytics-iOS-SDK/Core (= 3.10)
  - GoogleAnalytics-iOS-SDK/Core (3.10)
  - MBProgressHUD (0.9.1)
  - MGSwipeTableCell (1.4.0)
  - Parse (1.6.4):
    - Bolts (~> 1.1)
  - ParseFacebookUtils (1.6.4):
    - Facebook-iOS-SDK (~> 3.20)
    - Parse (~> 1.6.4)
  - ParseUI (1.1.1):
    - Parse (~> 1.6)
    - ParseFacebookUtils (~> 1.6)
  - PNChart (0.8.2):
    - UICountingLabel (~> 1.0.0)
  - UICountingLabel (1.0.0)

DEPENDENCIES:
  - CJPAdController
  - Fabric
  - Fabric/Crashlytics
  - Google-Maps-iOS-SDK
  - Google-Mobile-Ads-SDK
  - GoogleAnalytics-iOS-SDK
  - MBProgressHUD
  - MGSwipeTableCell
  - Parse
  - ParseUI
  - PNChart

SPEC CHECKSUMS:
  Bolts: dd9fb8433d67f5acc3b6b4d1379bbc5513d716c1
  CJPAdController: fca6d9e83a9bad2727f52a4146dfd515a44e23f8
  Fabric: acd4f0864b7d9e054f799d27be2843e1db08fad4
  Facebook-iOS-SDK: 89dae50e975ebab95a01b0962d27277fc9cf08fd
  Google-Maps-iOS-SDK: 4c008abdb68e03ae125c7f674be841d369e2b3de
  Google-Mobile-Ads-SDK: 55632bafa382a0987a4cbdefdfea362e24cbe814
  GoogleAnalytics-iOS-SDK: f422062075d9ccb1ea8d783fc5ba3829461e9502
  MBProgressHUD: f3747dcbd45a9e855a6b0674550651e0b7ed250c
  MGSwipeTableCell: 59643a884736a0a2fb0f07258b7a97b4f4f9000f
  Parse: c2610f7a12ad0defc974803b819c4efe7746e6db
  ParseFacebookUtils: 00833ccf6fec7d6429e2403fe457496a5089358b
  ParseUI: f7e9e0e5271f75a19c74ead8fdd95d36160e268e
  PNChart: 32b4ffa1ca525e255083204a3601447e85367321
  UICountingLabel: 0a0e9e34bf4690dbd127aaec552d19ed938087a9

COCOAPODS: 0.36.0
