// !$*UTF8*$!
{
	archiveVersion = 1;
	classes = {
	};
	objectVersion = 46;
	objects = {

/* Begin PBXBuildFile section */
		0D4397EAD74968096EE47032 /* libPods.a in Frameworks */ = {isa = PBXBuildFile; fileRef = 5DFF007E25191009BC811568 /* libPods.a */; };
		5913DDAD1A755736005AD7DC /* NWImageVC.m in Sources */ = {isa = PBXBuildFile; fileRef = 5913DDAC1A755736005AD7DC /* NWImageVC.m */; };
		591E11341A5F7F2D00044F39 /* main.m in Sources */ = {isa = PBXBuildFile; fileRef = 591E11331A5F7F2D00044F39 /* main.m */; };
		591E11371A5F7F2D00044F39 /* AppDelegate.m in Sources */ = {isa = PBXBuildFile; fileRef = 591E11361A5F7F2D00044F39 /* AppDelegate.m */; };
		591E113A1A5F7F2D00044F39 /* ParseDevTool.xcdatamodeld in Sources */ = {isa = PBXBuildFile; fileRef = 591E11381A5F7F2D00044F39 /* ParseDevTool.xcdatamodeld */; };
		591E113D1A5F7F2D00044F39 /* HomeVC.m in Sources */ = {isa = PBXBuildFile; fileRef = 591E113C1A5F7F2D00044F39 /* HomeVC.m */; };
		591E11401A5F7F2D00044F39 /* Main.storyboard in Resources */ = {isa = PBXBuildFile; fileRef = 591E113E1A5F7F2D00044F39 /* Main.storyboard */; };
		591E11421A5F7F2D00044F39 /* Images.xcassets in Resources */ = {isa = PBXBuildFile; fileRef = 591E11411A5F7F2D00044F39 /* Images.xcassets */; };
		591E11451A5F7F2D00044F39 /* LaunchScreen.xib in Resources */ = {isa = PBXBuildFile; fileRef = 591E11431A5F7F2D00044F39 /* LaunchScreen.xib */; };
		591E11511A5F7F2D00044F39 /* ParseDevToolTests.m in Sources */ = {isa = PBXBuildFile; fileRef = 591E11501A5F7F2D00044F39 /* ParseDevToolTests.m */; };
		591E14141A64FAB90034FCB1 /* AppDetailsVC.m in Sources */ = {isa = PBXBuildFile; fileRef = 591E14131A64FAB90034FCB1 /* AppDetailsVC.m */; };
		591E14171A64FEDC0034FCB1 /* ParseAppViewCell.m in Sources */ = {isa = PBXBuildFile; fileRef = 591E14161A64FEDC0034FCB1 /* ParseAppViewCell.m */; };
		591E141A1A6510200034FCB1 /* TableCell.m in Sources */ = {isa = PBXBuildFile; fileRef = 591E14191A6510200034FCB1 /* TableCell.m */; };
		591E141D1A6512DD0034FCB1 /* AddTableVC.m in Sources */ = {isa = PBXBuildFile; fileRef = 591E141C1A6512DD0034FCB1 /* AddTableVC.m */; };
		591E14221A651FA40034FCB1 /* FinalItemCell.m in Sources */ = {isa = PBXBuildFile; fileRef = 591E14201A651FA40034FCB1 /* FinalItemCell.m */; };
		592A3FC31A64BB1E0077C0CB /* AddParseAppVC.m in Sources */ = {isa = PBXBuildFile; fileRef = 592A3FC21A64BB1E0077C0CB /* AddParseAppVC.m */; };
		592A3FCA1A64BCC00077C0CB /* TableDetailsVC.m in Sources */ = {isa = PBXBuildFile; fileRef = 592A3FC91A64BCC00077C0CB /* TableDetailsVC.m */; };
		592CDEB41A77374500B70490 /* NWChartVC.m in Sources */ = {isa = PBXBuildFile; fileRef = 592CDEB31A77374500B70490 /* NWChartVC.m */; };
		595D1A671A753E60002E9AD3 /* NWMapVC.m in Sources */ = {isa = PBXBuildFile; fileRef = 595D1A661A753E60002E9AD3 /* NWMapVC.m */; };
		597DEEB61A777A7900737CC7 /* NWBaseVC.m in Sources */ = {isa = PBXBuildFile; fileRef = 597DEEB51A777A7900737CC7 /* NWBaseVC.m */; };
		597DEEBB1A77A56800737CC7 /* LargeTextVC.m in Sources */ = {isa = PBXBuildFile; fileRef = 597DEEBA1A77A56800737CC7 /* LargeTextVC.m */; };
		59C590E31A76236C00046063 /* NWChartView.m in Sources */ = {isa = PBXBuildFile; fileRef = 59C590E21A76236C00046063 /* NWChartView.m */; };
		59D1F8971A65698500F36839 /* ItemDetailVC.m in Sources */ = {isa = PBXBuildFile; fileRef = 59D1F8961A65698500F36839 /* ItemDetailVC.m */; };
		59D1F89A1A65764700F36839 /* PropertyCell.m in Sources */ = {isa = PBXBuildFile; fileRef = 59D1F8991A65764700F36839 /* PropertyCell.m */; };
/* End PBXBuildFile section */

/* Begin PBXContainerItemProxy section */
		591E114B1A5F7F2D00044F39 /* PBXContainerItemProxy */ = {
			isa = PBXContainerItemProxy;
			containerPortal = 591E11261A5F7F2D00044F39 /* Project object */;
			proxyType = 1;
			remoteGlobalIDString = 591E112D1A5F7F2D00044F39;
			remoteInfo = ParseDevTool;
		};
/* End PBXContainerItemProxy section */

/* Begin PBXFileReference section */
		14F12AAB1A677D6600F3A424 /* CoreGraphics.framework */ = {isa = PBXFileReference; lastKnownFileType = wrapper.framework; name = CoreGraphics.framework; path = System/Library/Frameworks/CoreGraphics.framework; sourceTree = SDKROOT; };
		14F12AAD1A677D6D00F3A424 /* UIKit.framework */ = {isa = PBXFileReference; lastKnownFileType = wrapper.framework; name = UIKit.framework; path = System/Library/Frameworks/UIKit.framework; sourceTree = SDKROOT; };
		14F12AAF1A677D7800F3A424 /* QuartzCore.framework */ = {isa = PBXFileReference; lastKnownFileType = wrapper.framework; name = QuartzCore.framework; path = System/Library/Frameworks/QuartzCore.framework; sourceTree = SDKROOT; };
		14F12AB11A677D8500F3A424 /* Foundation.framework */ = {isa = PBXFileReference; lastKnownFileType = wrapper.framework; name = Foundation.framework; path = System/Library/Frameworks/Foundation.framework; sourceTree = SDKROOT; };
		5913DDAB1A755736005AD7DC /* NWImageVC.h */ = {isa = PBXFileReference; fileEncoding = 4; lastKnownFileType = sourcecode.c.h; path = NWImageVC.h; sourceTree = "<group>"; };
		5913DDAC1A755736005AD7DC /* NWImageVC.m */ = {isa = PBXFileReference; fileEncoding = 4; lastKnownFileType = sourcecode.c.objc; path = NWImageVC.m; sourceTree = "<group>"; };
		591E112E1A5F7F2D00044F39 /* ParseDevTool.app */ = {isa = PBXFileReference; explicitFileType = wrapper.application; includeInIndex = 0; path = ParseDevTool.app; sourceTree = BUILT_PRODUCTS_DIR; };
		591E11321A5F7F2D00044F39 /* Info.plist */ = {isa = PBXFileReference; lastKnownFileType = text.plist.xml; path = Info.plist; sourceTree = "<group>"; };
		591E11331A5F7F2D00044F39 /* main.m */ = {isa = PBXFileReference; lastKnownFileType = sourcecode.c.objc; path = main.m; sourceTree = "<group>"; };
		591E11351A5F7F2D00044F39 /* AppDelegate.h */ = {isa = PBXFileReference; lastKnownFileType = sourcecode.c.h; path = AppDelegate.h; sourceTree = "<group>"; };
		591E11361A5F7F2D00044F39 /* AppDelegate.m */ = {isa = PBXFileReference; lastKnownFileType = sourcecode.c.objc; path = AppDelegate.m; sourceTree = "<group>"; };
		591E11391A5F7F2D00044F39 /* ParseDevTool.xcdatamodel */ = {isa = PBXFileReference; lastKnownFileType = wrapper.xcdatamodel; path = ParseDevTool.xcdatamodel; sourceTree = "<group>"; };
		591E113B1A5F7F2D00044F39 /* HomeVC.h */ = {isa = PBXFileReference; lastKnownFileType = sourcecode.c.h; path = HomeVC.h; sourceTree = "<group>"; };
		591E113C1A5F7F2D00044F39 /* HomeVC.m */ = {isa = PBXFileReference; lastKnownFileType = sourcecode.c.objc; path = HomeVC.m; sourceTree = "<group>"; };
		591E113F1A5F7F2D00044F39 /* Base */ = {isa = PBXFileReference; lastKnownFileType = file.storyboard; name = Base; path = Base.lproj/Main.storyboard; sourceTree = "<group>"; };
		591E11411A5F7F2D00044F39 /* Images.xcassets */ = {isa = PBXFileReference; lastKnownFileType = folder.assetcatalog; path = Images.xcassets; sourceTree = "<group>"; };
		591E11441A5F7F2D00044F39 /* Base */ = {isa = PBXFileReference; lastKnownFileType = file.xib; name = Base; path = Base.lproj/LaunchScreen.xib; sourceTree = "<group>"; };
		591E114A1A5F7F2D00044F39 /* ParseDevToolTests.xctest */ = {isa = PBXFileReference; explicitFileType = wrapper.cfbundle; includeInIndex = 0; path = ParseDevToolTests.xctest; sourceTree = BUILT_PRODUCTS_DIR; };
		591E114F1A5F7F2D00044F39 /* Info.plist */ = {isa = PBXFileReference; lastKnownFileType = text.plist.xml; path = Info.plist; sourceTree = "<group>"; };
		591E11501A5F7F2D00044F39 /* ParseDevToolTests.m */ = {isa = PBXFileReference; lastKnownFileType = sourcecode.c.objc; path = ParseDevToolTests.m; sourceTree = "<group>"; };
		591E14121A64FAB90034FCB1 /* AppDetailsVC.h */ = {isa = PBXFileReference; fileEncoding = 4; lastKnownFileType = sourcecode.c.h; path = AppDetailsVC.h; sourceTree = "<group>"; };
		591E14131A64FAB90034FCB1 /* AppDetailsVC.m */ = {isa = PBXFileReference; fileEncoding = 4; lastKnownFileType = sourcecode.c.objc; path = AppDetailsVC.m; sourceTree = "<group>"; };
		591E14151A64FEDC0034FCB1 /* ParseAppViewCell.h */ = {isa = PBXFileReference; fileEncoding = 4; lastKnownFileType = sourcecode.c.h; path = ParseAppViewCell.h; sourceTree = "<group>"; };
		591E14161A64FEDC0034FCB1 /* ParseAppViewCell.m */ = {isa = PBXFileReference; fileEncoding = 4; lastKnownFileType = sourcecode.c.objc; path = ParseAppViewCell.m; sourceTree = "<group>"; };
		591E14181A6510200034FCB1 /* TableCell.h */ = {isa = PBXFileReference; fileEncoding = 4; lastKnownFileType = sourcecode.c.h; path = TableCell.h; sourceTree = "<group>"; };
		591E14191A6510200034FCB1 /* TableCell.m */ = {isa = PBXFileReference; fileEncoding = 4; lastKnownFileType = sourcecode.c.objc; path = TableCell.m; sourceTree = "<group>"; };
		591E141B1A6512DD0034FCB1 /* AddTableVC.h */ = {isa = PBXFileReference; fileEncoding = 4; lastKnownFileType = sourcecode.c.h; path = AddTableVC.h; sourceTree = "<group>"; };
		591E141C1A6512DD0034FCB1 /* AddTableVC.m */ = {isa = PBXFileReference; fileEncoding = 4; lastKnownFileType = sourcecode.c.objc; path = AddTableVC.m; sourceTree = "<group>"; };
		591E141F1A651FA40034FCB1 /* FinalItemCell.h */ = {isa = PBXFileReference; fileEncoding = 4; lastKnownFileType = sourcecode.c.h; path = FinalItemCell.h; sourceTree = "<group>"; };
		591E14201A651FA40034FCB1 /* FinalItemCell.m */ = {isa = PBXFileReference; fileEncoding = 4; lastKnownFileType = sourcecode.c.objc; path = FinalItemCell.m; sourceTree = "<group>"; };
		592A3FC11A64BB1E0077C0CB /* AddParseAppVC.h */ = {isa = PBXFileReference; fileEncoding = 4; lastKnownFileType = sourcecode.c.h; path = AddParseAppVC.h; sourceTree = "<group>"; };
		592A3FC21A64BB1E0077C0CB /* AddParseAppVC.m */ = {isa = PBXFileReference; fileEncoding = 4; lastKnownFileType = sourcecode.c.objc; path = AddParseAppVC.m; sourceTree = "<group>"; };
		592A3FC81A64BCC00077C0CB /* TableDetailsVC.h */ = {isa = PBXFileReference; fileEncoding = 4; lastKnownFileType = sourcecode.c.h; path = TableDetailsVC.h; sourceTree = "<group>"; };
		592A3FC91A64BCC00077C0CB /* TableDetailsVC.m */ = {isa = PBXFileReference; fileEncoding = 4; lastKnownFileType = sourcecode.c.objc; path = TableDetailsVC.m; sourceTree = "<group>"; };
		592CDEB21A77374500B70490 /* NWChartVC.h */ = {isa = PBXFileReference; fileEncoding = 4; lastKnownFileType = sourcecode.c.h; path = NWChartVC.h; sourceTree = "<group>"; };
		592CDEB31A77374500B70490 /* NWChartVC.m */ = {isa = PBXFileReference; fileEncoding = 4; lastKnownFileType = sourcecode.c.objc; path = NWChartVC.m; sourceTree = "<group>"; };
		595D1A651A753E60002E9AD3 /* NWMapVC.h */ = {isa = PBXFileReference; fileEncoding = 4; lastKnownFileType = sourcecode.c.h; path = NWMapVC.h; sourceTree = "<group>"; };
		595D1A661A753E60002E9AD3 /* NWMapVC.m */ = {isa = PBXFileReference; fileEncoding = 4; lastKnownFileType = sourcecode.c.objc; path = NWMapVC.m; sourceTree = "<group>"; };
		597DEEB41A777A7900737CC7 /* NWBaseVC.h */ = {isa = PBXFileReference; fileEncoding = 4; lastKnownFileType = sourcecode.c.h; path = NWBaseVC.h; sourceTree = "<group>"; };
		597DEEB51A777A7900737CC7 /* NWBaseVC.m */ = {isa = PBXFileReference; fileEncoding = 4; lastKnownFileType = sourcecode.c.objc; path = NWBaseVC.m; sourceTree = "<group>"; };
		597DEEB91A77A56800737CC7 /* LargeTextVC.h */ = {isa = PBXFileReference; fileEncoding = 4; lastKnownFileType = sourcecode.c.h; path = LargeTextVC.h; sourceTree = "<group>"; };
		597DEEBA1A77A56800737CC7 /* LargeTextVC.m */ = {isa = PBXFileReference; fileEncoding = 4; lastKnownFileType = sourcecode.c.objc; path = LargeTextVC.m; sourceTree = "<group>"; };
		59C590E11A76236C00046063 /* NWChartView.h */ = {isa = PBXFileReference; fileEncoding = 4; lastKnownFileType = sourcecode.c.h; path = NWChartView.h; sourceTree = "<group>"; };
		59C590E21A76236C00046063 /* NWChartView.m */ = {isa = PBXFileReference; fileEncoding = 4; lastKnownFileType = sourcecode.c.objc; path = NWChartView.m; sourceTree = "<group>"; };
		59D1F8951A65698500F36839 /* ItemDetailVC.h */ = {isa = PBXFileReference; fileEncoding = 4; lastKnownFileType = sourcecode.c.h; path = ItemDetailVC.h; sourceTree = "<group>"; };
		59D1F8961A65698500F36839 /* ItemDetailVC.m */ = {isa = PBXFileReference; fileEncoding = 4; lastKnownFileType = sourcecode.c.objc; path = ItemDetailVC.m; sourceTree = "<group>"; };
		59D1F8981A65764700F36839 /* PropertyCell.h */ = {isa = PBXFileReference; fileEncoding = 4; lastKnownFileType = sourcecode.c.h; path = PropertyCell.h; sourceTree = "<group>"; };
		59D1F8991A65764700F36839 /* PropertyCell.m */ = {isa = PBXFileReference; fileEncoding = 4; lastKnownFileType = sourcecode.c.objc; path = PropertyCell.m; sourceTree = "<group>"; };
		5DFF007E25191009BC811568 /* libPods.a */ = {isa = PBXFileReference; explicitFileType = archive.ar; includeInIndex = 0; path = libPods.a; sourceTree = BUILT_PRODUCTS_DIR; };
		F6306231816A88625F629A6C /* Pods.debug.xcconfig */ = {isa = PBXFileReference; includeInIndex = 1; lastKnownFileType = text.xcconfig; name = Pods.debug.xcconfig; path = "Pods/Target Support Files/Pods/Pods.debug.xcconfig"; sourceTree = "<group>"; };
		F73E04912D1418AD34E5D543 /* Pods.release.xcconfig */ = {isa = PBXFileReference; includeInIndex = 1; lastKnownFileType = text.xcconfig; name = Pods.release.xcconfig; path = "Pods/Target Support Files/Pods/Pods.release.xcconfig"; sourceTree = "<group>"; };
/* End PBXFileReference section */

/* Begin PBXFrameworksBuildPhase section */
		591E112B1A5F7F2D00044F39 /* Frameworks */ = {
			isa = PBXFrameworksBuildPhase;
			buildActionMask = 2147483647;
			files = (
				0D4397EAD74968096EE47032 /* libPods.a in Frameworks */,
			);
			runOnlyForDeploymentPostprocessing = 0;
		};
		591E11471A5F7F2D00044F39 /* Frameworks */ = {
			isa = PBXFrameworksBuildPhase;
			buildActionMask = 2147483647;
			files = (
			);
			runOnlyForDeploymentPostprocessing = 0;
		};
/* End PBXFrameworksBuildPhase section */

/* Begin PBXGroup section */
		47DDF6172DC8AB81DB2CA3C9 /* Pods */ = {
			isa = PBXGroup;
			children = (
				F6306231816A88625F629A6C /* Pods.debug.xcconfig */,
				F73E04912D1418AD34E5D543 /* Pods.release.xcconfig */,
			);
			name = Pods;
			sourceTree = "<group>";
		};
		4E17E85EB9135942743089FB /* Frameworks */ = {
			isa = PBXGroup;
			children = (
				14F12AB11A677D8500F3A424 /* Foundation.framework */,
				14F12AAF1A677D7800F3A424 /* QuartzCore.framework */,
				14F12AAD1A677D6D00F3A424 /* UIKit.framework */,
				14F12AAB1A677D6600F3A424 /* CoreGraphics.framework */,
				5DFF007E25191009BC811568 /* libPods.a */,
			);
			name = Frameworks;
			sourceTree = "<group>";
		};
		5913DDAA1A755717005AD7DC /* Image */ = {
			isa = PBXGroup;
			children = (
				5913DDAB1A755736005AD7DC /* NWImageVC.h */,
				5913DDAC1A755736005AD7DC /* NWImageVC.m */,
			);
			name = Image;
			sourceTree = "<group>";
		};
		591E11251A5F7F2D00044F39 = {
			isa = PBXGroup;
			children = (
				591E11301A5F7F2D00044F39 /* ParseDevTool */,
				591E114D1A5F7F2D00044F39 /* ParseDevToolTests */,
				591E112F1A5F7F2D00044F39 /* Products */,
				47DDF6172DC8AB81DB2CA3C9 /* Pods */,
				4E17E85EB9135942743089FB /* Frameworks */,
			);
			sourceTree = "<group>";
		};
		591E112F1A5F7F2D00044F39 /* Products */ = {
			isa = PBXGroup;
			children = (
				591E112E1A5F7F2D00044F39 /* ParseDevTool.app */,
				591E114A1A5F7F2D00044F39 /* ParseDevToolTests.xctest */,
			);
			name = Products;
			sourceTree = "<group>";
		};
		591E11301A5F7F2D00044F39 /* ParseDevTool */ = {
			isa = PBXGroup;
			children = (
				597DEEB81A77A54000737CC7 /* LargeText */,
				597DEEB31A777A6400737CC7 /* Util */,
				59C590E01A76234300046063 /* Chart */,
				5913DDAA1A755717005AD7DC /* Image */,
				595D1A641A753E18002E9AD3 /* Location */,
				591E14111A64FA970034FCB1 /* App Details */,
				592A3FC71A64BCAD0077C0CB /* Table Details */,
				59D1F8941A65696500F36839 /* Item Details */,
				592A3FC01A64BAED0077C0CB /* Add Parse App */,
				591E141E1A6512E20034FCB1 /* Add Table */,
				591E11351A5F7F2D00044F39 /* AppDelegate.h */,
				591E11361A5F7F2D00044F39 /* AppDelegate.m */,
				591E113B1A5F7F2D00044F39 /* HomeVC.h */,
				591E113C1A5F7F2D00044F39 /* HomeVC.m */,
				591E14151A64FEDC0034FCB1 /* ParseAppViewCell.h */,
				591E14161A64FEDC0034FCB1 /* ParseAppViewCell.m */,
				591E113E1A5F7F2D00044F39 /* Main.storyboard */,
				591E11411A5F7F2D00044F39 /* Images.xcassets */,
				591E11431A5F7F2D00044F39 /* LaunchScreen.xib */,
				591E11381A5F7F2D00044F39 /* ParseDevTool.xcdatamodeld */,
				591E11311A5F7F2D00044F39 /* Supporting Files */,
			);
			path = ParseDevTool;
			sourceTree = "<group>";
		};
		591E11311A5F7F2D00044F39 /* Supporting Files */ = {
			isa = PBXGroup;
			children = (
				591E11321A5F7F2D00044F39 /* Info.plist */,
				591E11331A5F7F2D00044F39 /* main.m */,
			);
			name = "Supporting Files";
			sourceTree = "<group>";
		};
		591E114D1A5F7F2D00044F39 /* ParseDevToolTests */ = {
			isa = PBXGroup;
			children = (
				591E11501A5F7F2D00044F39 /* ParseDevToolTests.m */,
				591E114E1A5F7F2D00044F39 /* Supporting Files */,
			);
			path = ParseDevToolTests;
			sourceTree = "<group>";
		};
		591E114E1A5F7F2D00044F39 /* Supporting Files */ = {
			isa = PBXGroup;
			children = (
				591E114F1A5F7F2D00044F39 /* Info.plist */,
			);
			name = "Supporting Files";
			sourceTree = "<group>";
		};
		591E14111A64FA970034FCB1 /* App Details */ = {
			isa = PBXGroup;
			children = (
				591E14121A64FAB90034FCB1 /* AppDetailsVC.h */,
				591E14131A64FAB90034FCB1 /* AppDetailsVC.m */,
				591E14181A6510200034FCB1 /* TableCell.h */,
				591E14191A6510200034FCB1 /* TableCell.m */,
			);
			name = "App Details";
			sourceTree = "<group>";
		};
		591E141E1A6512E20034FCB1 /* Add Table */ = {
			isa = PBXGroup;
			children = (
				591E141B1A6512DD0034FCB1 /* AddTableVC.h */,
				591E141C1A6512DD0034FCB1 /* AddTableVC.m */,
			);
			name = "Add Table";
			sourceTree = "<group>";
		};
		592A3FC01A64BAED0077C0CB /* Add Parse App */ = {
			isa = PBXGroup;
			children = (
				592A3FC11A64BB1E0077C0CB /* AddParseAppVC.h */,
				592A3FC21A64BB1E0077C0CB /* AddParseAppVC.m */,
			);
			name = "Add Parse App";
			sourceTree = "<group>";
		};
		592A3FC71A64BCAD0077C0CB /* Table Details */ = {
			isa = PBXGroup;
			children = (
				592A3FC81A64BCC00077C0CB /* TableDetailsVC.h */,
				592A3FC91A64BCC00077C0CB /* TableDetailsVC.m */,
				591E141F1A651FA40034FCB1 /* FinalItemCell.h */,
				591E14201A651FA40034FCB1 /* FinalItemCell.m */,
			);
			name = "Table Details";
			sourceTree = "<group>";
		};
		595D1A641A753E18002E9AD3 /* Location */ = {
			isa = PBXGroup;
			children = (
				595D1A651A753E60002E9AD3 /* NWMapVC.h */,
				595D1A661A753E60002E9AD3 /* NWMapVC.m */,
			);
			name = Location;
			sourceTree = "<group>";
		};
		597DEEB31A777A6400737CC7 /* Util */ = {
			isa = PBXGroup;
			children = (
				597DEEB41A777A7900737CC7 /* NWBaseVC.h */,
				597DEEB51A777A7900737CC7 /* NWBaseVC.m */,
			);
			name = Util;
			sourceTree = "<group>";
		};
		597DEEB81A77A54000737CC7 /* LargeText */ = {
			isa = PBXGroup;
			children = (
				597DEEB91A77A56800737CC7 /* LargeTextVC.h */,
				597DEEBA1A77A56800737CC7 /* LargeTextVC.m */,
			);
			name = LargeText;
			sourceTree = "<group>";
		};
		59C590E01A76234300046063 /* Chart */ = {
			isa = PBXGroup;
			children = (
				59C590E11A76236C00046063 /* NWChartView.h */,
				59C590E21A76236C00046063 /* NWChartView.m */,
				592CDEB21A77374500B70490 /* NWChartVC.h */,
				592CDEB31A77374500B70490 /* NWChartVC.m */,
			);
			name = Chart;
			sourceTree = "<group>";
		};
		59D1F8941A65696500F36839 /* Item Details */ = {
			isa = PBXGroup;
			children = (
				59D1F8951A65698500F36839 /* ItemDetailVC.h */,
				59D1F8961A65698500F36839 /* ItemDetailVC.m */,
				59D1F8981A65764700F36839 /* PropertyCell.h */,
				59D1F8991A65764700F36839 /* PropertyCell.m */,
			);
			name = "Item Details";
			sourceTree = "<group>";
		};
/* End PBXGroup section */

/* Begin PBXNativeTarget section */
		591E112D1A5F7F2D00044F39 /* ParseDevTool */ = {
			isa = PBXNativeTarget;
			buildConfigurationList = 591E11541A5F7F2D00044F39 /* Build configuration list for PBXNativeTarget "ParseDevTool" */;
			buildPhases = (
				517C2D7BA9C3975FCBFCBF52 /* Check Pods Manifest.lock */,
				591E112A1A5F7F2D00044F39 /* Sources */,
				591E112B1A5F7F2D00044F39 /* Frameworks */,
				591E112C1A5F7F2D00044F39 /* Resources */,
				B04A0C7EB99AE3F7C6CAEEB5 /* Copy Pods Resources */,
			);
			buildRules = (
			);
			dependencies = (
			);
			name = ParseDevTool;
			productName = ParseDevTool;
			productReference = 591E112E1A5F7F2D00044F39 /* ParseDevTool.app */;
			productType = "com.apple.product-type.application";
		};
		591E11491A5F7F2D00044F39 /* ParseDevToolTests */ = {
			isa = PBXNativeTarget;
			buildConfigurationList = 591E11571A5F7F2D00044F39 /* Build configuration list for PBXNativeTarget "ParseDevToolTests" */;
			buildPhases = (
				591E11461A5F7F2D00044F39 /* Sources */,
				591E11471A5F7F2D00044F39 /* Frameworks */,
				591E11481A5F7F2D00044F39 /* Resources */,
			);
			buildRules = (
			);
			dependencies = (
				591E114C1A5F7F2D00044F39 /* PBXTargetDependency */,
			);
			name = ParseDevToolTests;
			productName = ParseDevToolTests;
			productReference = 591E114A1A5F7F2D00044F39 /* ParseDevToolTests.xctest */;
			productType = "com.apple.product-type.bundle.unit-test";
		};
/* End PBXNativeTarget section */

/* Begin PBXProject section */
		591E11261A5F7F2D00044F39 /* Project object */ = {
			isa = PBXProject;
			attributes = {
				LastUpgradeCheck = 0610;
				ORGANIZATIONNAME = Niceway;
				TargetAttributes = {
					591E112D1A5F7F2D00044F39 = {
						CreatedOnToolsVersion = 6.1.1;
						DevelopmentTeam = ZD78RB47HS;
					};
					591E11491A5F7F2D00044F39 = {
						CreatedOnToolsVersion = 6.1.1;
						TestTargetID = 591E112D1A5F7F2D00044F39;
					};
				};
			};
			buildConfigurationList = 591E11291A5F7F2D00044F39 /* Build configuration list for PBXProject "ParseDevTool" */;
			compatibilityVersion = "Xcode 3.2";
			developmentRegion = English;
			hasScannedForEncodings = 0;
			knownRegions = (
				en,
				Base,
			);
			mainGroup = 591E11251A5F7F2D00044F39;
			productRefGroup = 591E112F1A5F7F2D00044F39 /* Products */;
			projectDirPath = "";
			projectRoot = "";
			targets = (
				591E112D1A5F7F2D00044F39 /* ParseDevTool */,
				591E11491A5F7F2D00044F39 /* ParseDevToolTests */,
			);
		};
/* End PBXProject section */

/* Begin PBXResourcesBuildPhase section */
		591E112C1A5F7F2D00044F39 /* Resources */ = {
			isa = PBXResourcesBuildPhase;
			buildActionMask = 2147483647;
			files = (
				591E11401A5F7F2D00044F39 /* Main.storyboard in Resources */,
				591E11451A5F7F2D00044F39 /* LaunchScreen.xib in Resources */,
				591E11421A5F7F2D00044F39 /* Images.xcassets in Resources */,
			);
			runOnlyForDeploymentPostprocessing = 0;
		};
		591E11481A5F7F2D00044F39 /* Resources */ = {
			isa = PBXResourcesBuildPhase;
			buildActionMask = 2147483647;
			files = (
			);
			runOnlyForDeploymentPostprocessing = 0;
		};
/* End PBXResourcesBuildPhase section */

/* Begin PBXShellScriptBuildPhase section */
		517C2D7BA9C3975FCBFCBF52 /* Check Pods Manifest.lock */ = {
			isa = PBXShellScriptBuildPhase;
			buildActionMask = 2147483647;
			files = (
			);
			inputPaths = (
			);
			name = "Check Pods Manifest.lock";
			outputPaths = (
			);
			runOnlyForDeploymentPostprocessing = 0;
			shellPath = /bin/sh;
			shellScript = "diff \"${PODS_ROOT}/../Podfile.lock\" \"${PODS_ROOT}/Manifest.lock\" > /dev/null\nif [[ $? != 0 ]] ; then\n    cat << EOM\nerror: The sandbox is not in sync with the Podfile.lock. Run 'pod install' or update your CocoaPods installation.\nEOM\n    exit 1\nfi\n";
			showEnvVarsInLog = 0;
		};
		B04A0C7EB99AE3F7C6CAEEB5 /* Copy Pods Resources */ = {
			isa = PBXShellScriptBuildPhase;
			buildActionMask = 2147483647;
			files = (
			);
			inputPaths = (
			);
			name = "Copy Pods Resources";
			outputPaths = (
			);
			runOnlyForDeploymentPostprocessing = 0;
			shellPath = /bin/sh;
			shellScript = "\"${SRCROOT}/Pods/Target Support Files/Pods/Pods-resources.sh\"\n";
			showEnvVarsInLog = 0;
		};
/* End PBXShellScriptBuildPhase section */

/* Begin PBXSourcesBuildPhase section */
		591E112A1A5F7F2D00044F39 /* Sources */ = {
			isa = PBXSourcesBuildPhase;
			buildActionMask = 2147483647;
			files = (
				597DEEBB1A77A56800737CC7 /* LargeTextVC.m in Sources */,
				591E141A1A6510200034FCB1 /* TableCell.m in Sources */,
				591E141D1A6512DD0034FCB1 /* AddTableVC.m in Sources */,
				59D1F89A1A65764700F36839 /* PropertyCell.m in Sources */,
				592CDEB41A77374500B70490 /* NWChartVC.m in Sources */,
				597DEEB61A777A7900737CC7 /* NWBaseVC.m in Sources */,
				591E113A1A5F7F2D00044F39 /* ParseDevTool.xcdatamodeld in Sources */,
				592A3FC31A64BB1E0077C0CB /* AddParseAppVC.m in Sources */,
				591E11371A5F7F2D00044F39 /* AppDelegate.m in Sources */,
				59C590E31A76236C00046063 /* NWChartView.m in Sources */,
				595D1A671A753E60002E9AD3 /* NWMapVC.m in Sources */,
				591E14221A651FA40034FCB1 /* FinalItemCell.m in Sources */,
				591E14141A64FAB90034FCB1 /* AppDetailsVC.m in Sources */,
				5913DDAD1A755736005AD7DC /* NWImageVC.m in Sources */,
				591E14171A64FEDC0034FCB1 /* ParseAppViewCell.m in Sources */,
				59D1F8971A65698500F36839 /* ItemDetailVC.m in Sources */,
				591E113D1A5F7F2D00044F39 /* HomeVC.m in Sources */,
				592A3FCA1A64BCC00077C0CB /* TableDetailsVC.m in Sources */,
				591E11341A5F7F2D00044F39 /* main.m in Sources */,
			);
			runOnlyForDeploymentPostprocessing = 0;
		};
		591E11461A5F7F2D00044F39 /* Sources */ = {
			isa = PBXSourcesBuildPhase;
			buildActionMask = 2147483647;
			files = (
				591E11511A5F7F2D00044F39 /* ParseDevToolTests.m in Sources */,
			);
			runOnlyForDeploymentPostprocessing = 0;
		};
/* End PBXSourcesBuildPhase section */

/* Begin PBXTargetDependency section */
		591E114C1A5F7F2D00044F39 /* PBXTargetDependency */ = {
			isa = PBXTargetDependency;
			target = 591E112D1A5F7F2D00044F39 /* ParseDevTool */;
			targetProxy = 591E114B1A5F7F2D00044F39 /* PBXContainerItemProxy */;
		};
/* End PBXTargetDependency section */

/* Begin PBXVariantGroup section */
		591E113E1A5F7F2D00044F39 /* Main.storyboard */ = {
			isa = PBXVariantGroup;
			children = (
				591E113F1A5F7F2D00044F39 /* Base */,
			);
			name = Main.storyboard;
			sourceTree = "<group>";
		};
		591E11431A5F7F2D00044F39 /* LaunchScreen.xib */ = {
			isa = PBXVariantGroup;
			children = (
				591E11441A5F7F2D00044F39 /* Base */,
			);
			name = LaunchScreen.xib;
			sourceTree = "<group>";
		};
/* End PBXVariantGroup section */

/* Begin XCBuildConfiguration section */
		591E11521A5F7F2D00044F39 /* Debug */ = {
			isa = XCBuildConfiguration;
			buildSettings = {
				ALWAYS_SEARCH_USER_PATHS = NO;
				CLANG_CXX_LANGUAGE_STANDARD = "gnu++0x";
				CLANG_CXX_LIBRARY = "libc++";
				CLANG_ENABLE_MODULES = YES;
				CLANG_ENABLE_OBJC_ARC = YES;
				CLANG_WARN_BOOL_CONVERSION = YES;
				CLANG_WARN_CONSTANT_CONVERSION = YES;
				CLANG_WARN_DIRECT_OBJC_ISA_USAGE = YES_ERROR;
				CLANG_WARN_EMPTY_BODY = YES;
				CLANG_WARN_ENUM_CONVERSION = YES;
				CLANG_WARN_INT_CONVERSION = YES;
				CLANG_WARN_OBJC_ROOT_CLASS = YES_ERROR;
				CLANG_WARN_UNREACHABLE_CODE = YES;
				CLANG_WARN__DUPLICATE_METHOD_MATCH = YES;
				"CODE_SIGN_IDENTITY[sdk=iphoneos*]" = "iPhone Developer";
				COPY_PHASE_STRIP = NO;
				ENABLE_STRICT_OBJC_MSGSEND = YES;
				GCC_C_LANGUAGE_STANDARD = gnu99;
				GCC_DYNAMIC_NO_PIC = NO;
				GCC_OPTIMIZATION_LEVEL = 0;
				GCC_PREPROCESSOR_DEFINITIONS = (
					"DEBUG=1",
					"$(inherited)",
				);
				GCC_SYMBOLS_PRIVATE_EXTERN = NO;
				GCC_WARN_64_TO_32_BIT_CONVERSION = YES;
				GCC_WARN_ABOUT_RETURN_TYPE = YES_ERROR;
				GCC_WARN_UNDECLARED_SELECTOR = YES;
				GCC_WARN_UNINITIALIZED_AUTOS = YES_AGGRESSIVE;
				GCC_WARN_UNUSED_FUNCTION = YES;
				GCC_WARN_UNUSED_VARIABLE = YES;
				IPHONEOS_DEPLOYMENT_TARGET = 8.1;
				MTL_ENABLE_DEBUG_INFO = YES;
				ONLY_ACTIVE_ARCH = YES;
				SDKROOT = iphoneos;
				TARGETED_DEVICE_FAMILY = "1,2";
			};
			name = Debug;
		};
		591E11531A5F7F2D00044F39 /* Release */ = {
			isa = XCBuildConfiguration;
			buildSettings = {
				ALWAYS_SEARCH_USER_PATHS = NO;
				CLANG_CXX_LANGUAGE_STANDARD = "gnu++0x";
				CLANG_CXX_LIBRARY = "libc++";
				CLANG_ENABLE_MODULES = YES;
				CLANG_ENABLE_OBJC_ARC = YES;
				CLANG_WARN_BOOL_CONVERSION = YES;
				CLANG_WARN_CONSTANT_CONVERSION = YES;
				CLANG_WARN_DIRECT_OBJC_ISA_USAGE = YES_ERROR;
				CLANG_WARN_EMPTY_BODY = YES;
				CLANG_WARN_ENUM_CONVERSION = YES;
				CLANG_WARN_INT_CONVERSION = YES;
				CLANG_WARN_OBJC_ROOT_CLASS = YES_ERROR;
				CLANG_WARN_UNREACHABLE_CODE = YES;
				CLANG_WARN__DUPLICATE_METHOD_MATCH = YES;
				"CODE_SIGN_IDENTITY[sdk=iphoneos*]" = "iPhone Developer";
				COPY_PHASE_STRIP = YES;
				ENABLE_NS_ASSERTIONS = NO;
				ENABLE_STRICT_OBJC_MSGSEND = YES;
				GCC_C_LANGUAGE_STANDARD = gnu99;
				GCC_WARN_64_TO_32_BIT_CONVERSION = YES;
				GCC_WARN_ABOUT_RETURN_TYPE = YES_ERROR;
				GCC_WARN_UNDECLARED_SELECTOR = YES;
				GCC_WARN_UNINITIALIZED_AUTOS = YES_AGGRESSIVE;
				GCC_WARN_UNUSED_FUNCTION = YES;
				GCC_WARN_UNUSED_VARIABLE = YES;
				IPHONEOS_DEPLOYMENT_TARGET = 8.1;
				MTL_ENABLE_DEBUG_INFO = NO;
				SDKROOT = iphoneos;
				TARGETED_DEVICE_FAMILY = "1,2";
				VALIDATE_PRODUCT = YES;
			};
			name = Release;
		};
		591E11551A5F7F2D00044F39 /* Debug */ = {
			isa = XCBuildConfiguration;
			baseConfigurationReference = F6306231816A88625F629A6C /* Pods.debug.xcconfig */;
			buildSettings = {
				ASSETCATALOG_COMPILER_APPICON_NAME = AppIcon;
				INFOPLIST_FILE = ParseDevTool/Info.plist;
				LD_RUNPATH_SEARCH_PATHS = "$(inherited) @executable_path/Frameworks";
				PRODUCT_NAME = "$(TARGET_NAME)";
			};
			name = Debug;
		};
		591E11561A5F7F2D00044F39 /* Release */ = {
			isa = XCBuildConfiguration;
			baseConfigurationReference = F73E04912D1418AD34E5D543 /* Pods.release.xcconfig */;
			buildSettings = {
				ASSETCATALOG_COMPILER_APPICON_NAME = AppIcon;
				INFOPLIST_FILE = ParseDevTool/Info.plist;
				LD_RUNPATH_SEARCH_PATHS = "$(inherited) @executable_path/Frameworks";
				PRODUCT_NAME = "$(TARGET_NAME)";
			};
			name = Release;
		};
		591E11581A5F7F2D00044F39 /* Debug */ = {
			isa = XCBuildConfiguration;
			buildSettings = {
				BUNDLE_LOADER = "$(TEST_HOST)";
				FRAMEWORK_SEARCH_PATHS = (
					"$(SDKROOT)/Developer/Library/Frameworks",
					"$(inherited)",
				);
				GCC_PREPROCESSOR_DEFINITIONS = (
					"DEBUG=1",
					"$(inherited)",
				);
				INFOPLIST_FILE = ParseDevToolTests/Info.plist;
				LD_RUNPATH_SEARCH_PATHS = "$(inherited) @executable_path/Frameworks @loader_path/Frameworks";
				PRODUCT_NAME = "$(TARGET_NAME)";
				TEST_HOST = "$(BUILT_PRODUCTS_DIR)/ParseDevTool.app/ParseDevTool";
			};
			name = Debug;
		};
		591E11591A5F7F2D00044F39 /* Release */ = {
			isa = XCBuildConfiguration;
			buildSettings = {
				BUNDLE_LOADER = "$(TEST_HOST)";
				FRAMEWORK_SEARCH_PATHS = (
					"$(SDKROOT)/Developer/Library/Frameworks",
					"$(inherited)",
				);
				INFOPLIST_FILE = ParseDevToolTests/Info.plist;
				LD_RUNPATH_SEARCH_PATHS = "$(inherited) @executable_path/Frameworks @loader_path/Frameworks";
				PRODUCT_NAME = "$(TARGET_NAME)";
				TEST_HOST = "$(BUILT_PRODUCTS_DIR)/ParseDevTool.app/ParseDevTool";
			};
			name = Release;
		};
/* End XCBuildConfiguration section */

/* Begin XCConfigurationList section */
		591E11291A5F7F2D00044F39 /* Build configuration list for PBXProject "ParseDevTool" */ = {
			isa = XCConfigurationList;
			buildConfigurations = (
				591E11521A5F7F2D00044F39 /* Debug */,
				591E11531A5F7F2D00044F39 /* Release */,
			);
			defaultConfigurationIsVisible = 0;
			defaultConfigurationName = Release;
		};
		591E11541A5F7F2D00044F39 /* Build configuration list for PBXNativeTarget "ParseDevTool" */ = {
			isa = XCConfigurationList;
			buildConfigurations = (
				591E11551A5F7F2D00044F39 /* Debug */,
				591E11561A5F7F2D00044F39 /* Release */,
			);
			defaultConfigurationIsVisible = 0;
			defaultConfigurationName = Release;
		};
		591E11571A5F7F2D00044F39 /* Build configuration list for PBXNativeTarget "ParseDevToolTests" */ = {
			isa = XCConfigurationList;
			buildConfigurations = (
				591E11581A5F7F2D00044F39 /* Debug */,
				591E11591A5F7F2D00044F39 /* Release */,
			);
			defaultConfigurationIsVisible = 0;
			defaultConfigurationName = Release;
		};
/* End XCConfigurationList section */

/* Begin XCVersionGroup section */
		591E11381A5F7F2D00044F39 /* ParseDevTool.xcdatamodeld */ = {
			isa = XCVersionGroup;
			children = (
				591E11391A5F7F2D00044F39 /* ParseDevTool.xcdatamodel */,
			);
			currentVersion = 591E11391A5F7F2D00044F39 /* ParseDevTool.xcdatamodel */;
			path = ParseDevTool.xcdatamodeld;
			sourceTree = "<group>";
			versionGroupType = wrapper.xcdatamodel;
		};
/* End XCVersionGroup section */
	};
	rootObject = 591E11261A5F7F2D00044F39 /* Project object */;
}
